Microsoft Visual Studio Solution File, Format Version 12.00
# Visual Studio Version 17
VisualStudioVersion = 17.0.31423.177
MinimumVisualStudioVersion = 10.0.40219.1
Project("{2150E333-8FDC-42A3-9474-1A3956D46DE8}") = "Source", "Source", "{57BAE1BC-D418-4A95-B292-C0E9324B0A54}"
EndProject
Project("{2150E333-8FDC-42A3-9474-1A3956D46DE8}") = "Tests", "Tests", "{D57B72FA-A893-400C-AB2E-6919219A38D2}"
EndProject
Project("{2150E333-8FDC-42A3-9474-1A3956D46DE8}") = "Solution Items", "Solution Items", "{FBD2504D-975E-4B64-B938-7DDD19C7DB9D}"
	ProjectSection(SolutionItems) = preProject
		.editorconfig = .editorconfig
		.gitattributes = .gitattributes
		.gitignore = .gitignore
		build.cake = build.cake
		Directory.Build.props = Directory.Build.props
		dotnet-tools.json = dotnet-tools.json
	EndProjectSection
EndProject
Project("{2150E333-8FDC-42A3-9474-1A3956D46DE8}") = "Documentation", "Documentation", "{60E0F62E-605A-48F2-BFCA-C63B45AB6335}"
	ProjectSection(SolutionItems) = preProject
		README.md = README.md
	EndProjectSection
EndProject
Project("{9A19103F-16F7-4668-BE54-9A1E7A4F7556}") = "VehicleApi", "VehicleApi\Source\VehicleApi\VehicleApi.csproj", "{0B34E7AA-4C00-4F7E-938B-5C9C0C330064}"
EndProject
Project("{9A19103F-16F7-4668-BE54-9A1E7A4F7556}") = "VehicleApi.IntegrationTest", "VehicleApi\Tests\VehicleApi.IntegrationTest\VehicleApi.IntegrationTest.csproj", "{7C10041D-7769-4278-85AD-3CFCE3929C26}"
EndProject
Global
	GlobalSection(SolutionConfigurationPlatforms) = preSolution
		Debug|Any CPU = Debug|Any CPU
		Release|Any CPU = Release|Any CPU
	EndGlobalSection
	GlobalSection(ProjectConfigurationPlatforms) = postSolution
		{0B34E7AA-4C00-4F7E-938B-5C9C0C330064}.Debug|Any CPU.ActiveCfg = Debug|Any CPU
		{0B34E7AA-4C00-4F7E-938B-5C9C0C330064}.Debug|Any CPU.Build.0 = Debug|Any CPU
		{0B34E7AA-4C00-4F7E-938B-5C9C0C330064}.Release|Any CPU.ActiveCfg = Release|Any CPU
		{0B34E7AA-4C00-4F7E-938B-5C9C0C330064}.Release|Any CPU.Build.0 = Release|Any CPU
		{7C10041D-7769-4278-85AD-3CFCE3929C26}.Debug|Any CPU.ActiveCfg = Debug|Any CPU
		{7C10041D-7769-4278-85AD-3CFCE3929C26}.Debug|Any CPU.Build.0 = Debug|Any CPU
		{7C10041D-7769-4278-85AD-3CFCE3929C26}.Release|Any CPU.ActiveCfg = Release|Any CPU
		{7C10041D-7769-4278-85AD-3CFCE3929C26}.Release|Any CPU.Build.0 = Release|Any CPU
	EndGlobalSection
	GlobalSection(SolutionProperties) = preSolution
		HideSolutionNode = FALSE
	EndGlobalSection
	GlobalSection(NestedProjects) = preSolution
		{0B34E7AA-4C00-4F7E-938B-5C9C0C330064} = {57BAE1BC-D418-4A95-B292-C0E9324B0A54}
		{7C10041D-7769-4278-85AD-3CFCE3929C26} = {D57B72FA-A893-400C-AB2E-6919219A38D2}
	EndGlobalSection
	GlobalSection(ExtensibilityGlobals) = postSolution
		SolutionGuid = {4E464B40-8B3D-427D-BA61-053DB0B94967}
	EndGlobalSection
EndGlobal
